{
  "object": {
    "pins": [
      {
        "package": "StructuralSPM",
        "repositoryURL": "https://github.com/FelippeMatos/multi-structural-module",
        "state": {
          "branch": "ios/bruno-spm",
          "revision": "993eec87a599561d3607fc737780f70eeab957db",
          "version": null
        }
      }
    ]
  },
  "version": 1
}
