{
  "object": {
    "pins": [
      {
        "package": "StructuralSPM",
        "repositoryURL": "https://github.com/FelippeMatos/multi-structural-module",
        "state": {
          "branch": "ios/bruno-spm",
          "revision": "0f4d1081c706ed55a2a7157c9b11cada15b45c42",
          "version": null
        }
      }
    ]
  },
  "version": 1
}
