// !$*UTF8*$!
{
	archiveVersion = 1;
	classes = {
	};
	objectVersion = 51;
	objects = {

/* Begin PBXBuildFile section */
		2302B9B8279708F0001C1247 /* NetworkingInterfaces.framework in Frameworks */ = {isa = PBXBuildFile; fileRef = 2302B9B7279708F0001C1247 /* NetworkingInterfaces.framework */; };
		2302B9B9279708F0001C1247 /* NetworkingInterfaces.framework in Embed Frameworks */ = {isa = PBXBuildFile; fileRef = 2302B9B7279708F0001C1247 /* NetworkingInterfaces.framework */; settings = {ATTRIBUTES = (CodeSignOnCopy, RemoveHeadersOnCopy, ); }; };
		2302B9BB27970947001C1247 /* Core.framework in Frameworks */ = {isa = PBXBuildFile; fileRef = 2302B9BA27970947001C1247 /* Core.framework */; };
		2302B9BC27970947001C1247 /* Core.framework in Embed Frameworks */ = {isa = PBXBuildFile; fileRef = 2302B9BA27970947001C1247 /* Core.framework */; settings = {ATTRIBUTES = (CodeSignOnCopy, RemoveHeadersOnCopy, ); }; };
		234AEAA02773A9D900990EA5 /* AppDelegate.swift in Sources */ = {isa = PBXBuildFile; fileRef = 234AEA9F2773A9D900990EA5 /* AppDelegate.swift */; };
		234AEAAC2773A9DA00990EA5 /* LaunchScreen.storyboard in Resources */ = {isa = PBXBuildFile; fileRef = 234AEAAA2773A9DA00990EA5 /* LaunchScreen.storyboard */; };
		234AEADF2773AC8000990EA5 /* ChipFramework.framework in Frameworks */ = {isa = PBXBuildFile; fileRef = 234AEAD82773AC8000990EA5 /* ChipFramework.framework */; };
		234AEAEB2773ADC600990EA5 /* StructuralDependencyProvider.swift in Sources */ = {isa = PBXBuildFile; fileRef = 234AEAEA2773ADC600990EA5 /* StructuralDependencyProvider.swift */; };
		234AEAF32773B01200990EA5 /* AppSecurity.framework in Frameworks */ = {isa = PBXBuildFile; fileRef = 234AEAF22773B01200990EA5 /* AppSecurity.framework */; };
		234AEAFB2773B05000990EA5 /* Networking.framework in Frameworks */ = {isa = PBXBuildFile; fileRef = 234AEAFA2773B05000990EA5 /* Networking.framework */; };
		234AEB032773B07500990EA5 /* Analytics.framework in Frameworks */ = {isa = PBXBuildFile; fileRef = 234AEB022773B07500990EA5 /* Analytics.framework */; };
		234AEB082773B0BF00990EA5 /* AppSecurity.framework in Frameworks */ = {isa = PBXBuildFile; fileRef = 234AEB072773B0BF00990EA5 /* AppSecurity.framework */; };
		234AEB0F2773B0CD00990EA5 /* AppSecurityInterfaces.framework in Frameworks */ = {isa = PBXBuildFile; fileRef = 234AEB0E2773B0CD00990EA5 /* AppSecurityInterfaces.framework */; };
		234AEB172773B12900990EA5 /* ChipFramework.framework in Embed Frameworks */ = {isa = PBXBuildFile; fileRef = 234AEAD82773AC8000990EA5 /* ChipFramework.framework */; settings = {ATTRIBUTES = (CodeSignOnCopy, RemoveHeadersOnCopy, ); }; };
		234AEB1F2773B16500990EA5 /* NetworkingDependency.swift in Sources */ = {isa = PBXBuildFile; fileRef = 234AEB1E2773B16500990EA5 /* NetworkingDependency.swift */; };
		234AEB392773B71B00990EA5 /* ChipHandler.swift in Sources */ = {isa = PBXBuildFile; fileRef = 234AEB382773B71B00990EA5 /* ChipHandler.swift */; };
		234AEB3F2773B7D500990EA5 /* ChipLauncher.swift in Sources */ = {isa = PBXBuildFile; fileRef = 234AEB3E2773B7D500990EA5 /* ChipLauncher.swift */; };
		234AEB442773B84700990EA5 /* ChipRepositoryProtocol.swift in Sources */ = {isa = PBXBuildFile; fileRef = 234AEB432773B84700990EA5 /* ChipRepositoryProtocol.swift */; };
		234AEB482773B85E00990EA5 /* ChipAPI.swift in Sources */ = {isa = PBXBuildFile; fileRef = 234AEB472773B85E00990EA5 /* ChipAPI.swift */; };
		234AEB4D2773B91500990EA5 /* ChipAnalyticsProtocol.swift in Sources */ = {isa = PBXBuildFile; fileRef = 234AEB4C2773B91500990EA5 /* ChipAnalyticsProtocol.swift */; };
		234AEB572773BA7E00990EA5 /* ChipBusinessModel.swift in Sources */ = {isa = PBXBuildFile; fileRef = 234AEB562773BA7E00990EA5 /* ChipBusinessModel.swift */; };
		234AEB5B2773BBB800990EA5 /* ChipBusinessModelProcotol.swift in Sources */ = {isa = PBXBuildFile; fileRef = 234AEB5A2773BBB800990EA5 /* ChipBusinessModelProcotol.swift */; };
		234AEB5E2773BFF600990EA5 /* ChipBusinessModel+Analytics.swift in Sources */ = {isa = PBXBuildFile; fileRef = 234AEB5D2773BFF600990EA5 /* ChipBusinessModel+Analytics.swift */; };
		234AEB622773C1B500990EA5 /* ChipViewModel.swift in Sources */ = {isa = PBXBuildFile; fileRef = 234AEB612773C1B500990EA5 /* ChipViewModel.swift */; };
		234AEB652773C38700990EA5 /* ChipViewController.swift in Sources */ = {isa = PBXBuildFile; fileRef = 234AEB642773C38700990EA5 /* ChipViewController.swift */; };
		2388CBF22774E15E00F44D8D /* ChipFlow.swift in Sources */ = {isa = PBXBuildFile; fileRef = 2388CBF12774E15E00F44D8D /* ChipFlow.swift */; };
		2388CBF62774E1F000F44D8D /* ChipViewControllerFactory.swift in Sources */ = {isa = PBXBuildFile; fileRef = 2388CBF52774E1F000F44D8D /* ChipViewControllerFactory.swift */; };
		2388CC082775061200F44D8D /* ProfileHandler.swift in Sources */ = {isa = PBXBuildFile; fileRef = 2388CC072775061200F44D8D /* ProfileHandler.swift */; };
		2388CC0B2775063200F44D8D /* Profile.framework in Frameworks */ = {isa = PBXBuildFile; fileRef = 2388CC0A2775063200F44D8D /* Profile.framework */; };
		23D268AD2774A0FA009C6039 /* ChipFlowProtocol.swift in Sources */ = {isa = PBXBuildFile; fileRef = 23D268AC2774A0FA009C6039 /* ChipFlowProtocol.swift */; };
		470EDFA6DE7637F2D80A7D10 /* Pods_Chip.framework in Frameworks */ = {isa = PBXBuildFile; fileRef = FA4035809C4D64DC84D51084 /* Pods_Chip.framework */; };
/* End PBXBuildFile section */

/* Begin PBXContainerItemProxy section */
		234AEADD2773AC8000990EA5 /* PBXContainerItemProxy */ = {
			isa = PBXContainerItemProxy;
			containerPortal = 234AEA942773A9D900990EA5 /* Project object */;
			proxyType = 1;
			remoteGlobalIDString = 234AEAD72773AC8000990EA5;
			remoteInfo = VaquinhaFramework;
		};
/* End PBXContainerItemProxy section */

/* Begin PBXCopyFilesBuildPhase section */
		23244649278F710700D7AC73 /* Embed Frameworks */ = {
			isa = PBXCopyFilesBuildPhase;
			buildActionMask = 2147483647;
			dstPath = "";
			dstSubfolderSpec = 10;
			files = (
			);
			name = "Embed Frameworks";
			runOnlyForDeploymentPostprocessing = 0;
		};
		234AEAE42773AC8000990EA5 /* Embed Frameworks */ = {
			isa = PBXCopyFilesBuildPhase;
			buildActionMask = 2147483647;
			dstPath = "";
			dstSubfolderSpec = 10;
			files = (
				2302B9B9279708F0001C1247 /* NetworkingInterfaces.framework in Embed Frameworks */,
				2302B9BC27970947001C1247 /* Core.framework in Embed Frameworks */,
				234AEB172773B12900990EA5 /* ChipFramework.framework in Embed Frameworks */,
			);
			name = "Embed Frameworks";
			runOnlyForDeploymentPostprocessing = 0;
		};
/* End PBXCopyFilesBuildPhase section */

/* Begin PBXFileReference section */
		14C4E6377BB83107717B0B53 /* Pods-Chip.release.xcconfig */ = {isa = PBXFileReference; includeInIndex = 1; lastKnownFileType = text.xcconfig; name = "Pods-Chip.release.xcconfig"; path = "Target Support Files/Pods-Chip/Pods-Chip.release.xcconfig"; sourceTree = "<group>"; };
		2302B9B7279708F0001C1247 /* NetworkingInterfaces.framework */ = {isa = PBXFileReference; explicitFileType = wrapper.framework; path = NetworkingInterfaces.framework; sourceTree = BUILT_PRODUCTS_DIR; };
		2302B9BA27970947001C1247 /* Core.framework */ = {isa = PBXFileReference; explicitFileType = wrapper.framework; path = Core.framework; sourceTree = BUILT_PRODUCTS_DIR; };
		234AEA9C2773A9D900990EA5 /* Chip.app */ = {isa = PBXFileReference; explicitFileType = wrapper.application; includeInIndex = 0; path = Chip.app; sourceTree = BUILT_PRODUCTS_DIR; };
		234AEA9F2773A9D900990EA5 /* AppDelegate.swift */ = {isa = PBXFileReference; lastKnownFileType = sourcecode.swift; path = AppDelegate.swift; sourceTree = "<group>"; };
		234AEAAB2773A9DA00990EA5 /* Base */ = {isa = PBXFileReference; lastKnownFileType = file.storyboard; name = Base; path = Base.lproj/LaunchScreen.storyboard; sourceTree = "<group>"; };
		234AEAAD2773A9DA00990EA5 /* Info.plist */ = {isa = PBXFileReference; lastKnownFileType = text.plist.xml; path = Info.plist; sourceTree = "<group>"; };
		234AEAD82773AC8000990EA5 /* ChipFramework.framework */ = {isa = PBXFileReference; explicitFileType = wrapper.framework; includeInIndex = 0; path = ChipFramework.framework; sourceTree = BUILT_PRODUCTS_DIR; };
		234AEADB2773AC8000990EA5 /* Info.plist */ = {isa = PBXFileReference; lastKnownFileType = text.plist.xml; path = Info.plist; sourceTree = "<group>"; };
		234AEAEA2773ADC600990EA5 /* StructuralDependencyProvider.swift */ = {isa = PBXFileReference; lastKnownFileType = sourcecode.swift; path = StructuralDependencyProvider.swift; sourceTree = "<group>"; };
		234AEAEF2773AF5B00990EA5 /* NetworkingInterfaces.framework */ = {isa = PBXFileReference; explicitFileType = wrapper.framework; path = NetworkingInterfaces.framework; sourceTree = BUILT_PRODUCTS_DIR; };
		234AEAF22773B01200990EA5 /* AppSecurity.framework */ = {isa = PBXFileReference; explicitFileType = wrapper.framework; path = AppSecurity.framework; sourceTree = BUILT_PRODUCTS_DIR; };
		234AEAF42773B01200990EA5 /* AppSecurityInterfaces.framework */ = {isa = PBXFileReference; explicitFileType = wrapper.framework; path = AppSecurityInterfaces.framework; sourceTree = BUILT_PRODUCTS_DIR; };
		234AEAFA2773B05000990EA5 /* Networking.framework */ = {isa = PBXFileReference; explicitFileType = wrapper.framework; path = Networking.framework; sourceTree = BUILT_PRODUCTS_DIR; };
		234AEB022773B07500990EA5 /* Analytics.framework */ = {isa = PBXFileReference; explicitFileType = wrapper.framework; path = Analytics.framework; sourceTree = BUILT_PRODUCTS_DIR; };
		234AEB072773B0BF00990EA5 /* AppSecurity.framework */ = {isa = PBXFileReference; explicitFileType = wrapper.framework; path = AppSecurity.framework; sourceTree = BUILT_PRODUCTS_DIR; };
		234AEB0E2773B0CD00990EA5 /* AppSecurityInterfaces.framework */ = {isa = PBXFileReference; explicitFileType = wrapper.framework; path = AppSecurityInterfaces.framework; sourceTree = BUILT_PRODUCTS_DIR; };
		234AEB1E2773B16500990EA5 /* NetworkingDependency.swift */ = {isa = PBXFileReference; lastKnownFileType = sourcecode.swift; path = NetworkingDependency.swift; sourceTree = "<group>"; };
		234AEB382773B71B00990EA5 /* ChipHandler.swift */ = {isa = PBXFileReference; lastKnownFileType = sourcecode.swift; path = ChipHandler.swift; sourceTree = "<group>"; };
		234AEB3B2773B75A00990EA5 /* Core.framework */ = {isa = PBXFileReference; explicitFileType = wrapper.framework; path = Core.framework; sourceTree = BUILT_PRODUCTS_DIR; };
		234AEB3E2773B7D500990EA5 /* ChipLauncher.swift */ = {isa = PBXFileReference; lastKnownFileType = sourcecode.swift; path = ChipLauncher.swift; sourceTree = "<group>"; };
		234AEB432773B84700990EA5 /* ChipRepositoryProtocol.swift */ = {isa = PBXFileReference; lastKnownFileType = sourcecode.swift; path = ChipRepositoryProtocol.swift; sourceTree = "<group>"; };
		234AEB472773B85E00990EA5 /* ChipAPI.swift */ = {isa = PBXFileReference; lastKnownFileType = sourcecode.swift; path = ChipAPI.swift; sourceTree = "<group>"; };
		234AEB4C2773B91500990EA5 /* ChipAnalyticsProtocol.swift */ = {isa = PBXFileReference; lastKnownFileType = sourcecode.swift; path = ChipAnalyticsProtocol.swift; sourceTree = "<group>"; };
		234AEB562773BA7E00990EA5 /* ChipBusinessModel.swift */ = {isa = PBXFileReference; lastKnownFileType = sourcecode.swift; path = ChipBusinessModel.swift; sourceTree = "<group>"; };
		234AEB5A2773BBB800990EA5 /* ChipBusinessModelProcotol.swift */ = {isa = PBXFileReference; lastKnownFileType = sourcecode.swift; path = ChipBusinessModelProcotol.swift; sourceTree = "<group>"; };
		234AEB5D2773BFF600990EA5 /* ChipBusinessModel+Analytics.swift */ = {isa = PBXFileReference; lastKnownFileType = sourcecode.swift; path = "ChipBusinessModel+Analytics.swift"; sourceTree = "<group>"; };
		234AEB612773C1B500990EA5 /* ChipViewModel.swift */ = {isa = PBXFileReference; lastKnownFileType = sourcecode.swift; path = ChipViewModel.swift; sourceTree = "<group>"; };
		234AEB642773C38700990EA5 /* ChipViewController.swift */ = {isa = PBXFileReference; lastKnownFileType = sourcecode.swift; path = ChipViewController.swift; sourceTree = "<group>"; };
		2388CBF12774E15E00F44D8D /* ChipFlow.swift */ = {isa = PBXFileReference; lastKnownFileType = sourcecode.swift; path = ChipFlow.swift; sourceTree = "<group>"; };
		2388CBF52774E1F000F44D8D /* ChipViewControllerFactory.swift */ = {isa = PBXFileReference; lastKnownFileType = sourcecode.swift; path = ChipViewControllerFactory.swift; sourceTree = "<group>"; };
		2388CC072775061200F44D8D /* ProfileHandler.swift */ = {isa = PBXFileReference; lastKnownFileType = sourcecode.swift; path = ProfileHandler.swift; sourceTree = "<group>"; };
		2388CC0A2775063200F44D8D /* Profile.framework */ = {isa = PBXFileReference; explicitFileType = wrapper.framework; path = Profile.framework; sourceTree = BUILT_PRODUCTS_DIR; };
		23D268AC2774A0FA009C6039 /* ChipFlowProtocol.swift */ = {isa = PBXFileReference; lastKnownFileType = sourcecode.swift; path = ChipFlowProtocol.swift; sourceTree = "<group>"; };
		F5DDE49EB1CA9978BF021A31 /* Pods-Chip.debug.xcconfig */ = {isa = PBXFileReference; includeInIndex = 1; lastKnownFileType = text.xcconfig; name = "Pods-Chip.debug.xcconfig"; path = "Target Support Files/Pods-Chip/Pods-Chip.debug.xcconfig"; sourceTree = "<group>"; };
		FA4035809C4D64DC84D51084 /* Pods_Chip.framework */ = {isa = PBXFileReference; explicitFileType = wrapper.framework; includeInIndex = 0; path = Pods_Chip.framework; sourceTree = BUILT_PRODUCTS_DIR; };
/* End PBXFileReference section */

/* Begin PBXFrameworksBuildPhase section */
		234AEA992773A9D900990EA5 /* Frameworks */ = {
			isa = PBXFrameworksBuildPhase;
			buildActionMask = 2147483647;
			files = (
				2388CC0B2775063200F44D8D /* Profile.framework in Frameworks */,
				234AEB0F2773B0CD00990EA5 /* AppSecurityInterfaces.framework in Frameworks */,
				234AEB082773B0BF00990EA5 /* AppSecurity.framework in Frameworks */,
				2302B9B8279708F0001C1247 /* NetworkingInterfaces.framework in Frameworks */,
				234AEB032773B07500990EA5 /* Analytics.framework in Frameworks */,
				234AEAFB2773B05000990EA5 /* Networking.framework in Frameworks */,
				234AEAF32773B01200990EA5 /* AppSecurity.framework in Frameworks */,
				2302B9BB27970947001C1247 /* Core.framework in Frameworks */,
				234AEADF2773AC8000990EA5 /* ChipFramework.framework in Frameworks */,
				470EDFA6DE7637F2D80A7D10 /* Pods_Chip.framework in Frameworks */,
			);
			runOnlyForDeploymentPostprocessing = 0;
		};
		234AEAD52773AC8000990EA5 /* Frameworks */ = {
			isa = PBXFrameworksBuildPhase;
			buildActionMask = 2147483647;
			files = (
			);
			runOnlyForDeploymentPostprocessing = 0;
		};
/* End PBXFrameworksBuildPhase section */

/* Begin PBXGroup section */
		18E84DEB0BD0B53F74ADF386 /* Pods */ = {
			isa = PBXGroup;
			children = (
				F5DDE49EB1CA9978BF021A31 /* Pods-Chip.debug.xcconfig */,
				14C4E6377BB83107717B0B53 /* Pods-Chip.release.xcconfig */,
			);
			name = Pods;
			path = ../../../Pods;
			sourceTree = "<group>";
		};
		2317CF46277A368B006E8D1C /* Protocols */ = {
			isa = PBXGroup;
			children = (
				234AEB4C2773B91500990EA5 /* ChipAnalyticsProtocol.swift */,
				234AEB5A2773BBB800990EA5 /* ChipBusinessModelProcotol.swift */,
				23D268AC2774A0FA009C6039 /* ChipFlowProtocol.swift */,
			);
			path = Protocols;
			sourceTree = "<group>";
		};
		234AEA932773A9D900990EA5 = {
			isa = PBXGroup;
			children = (
				234AEA9E2773A9D900990EA5 /* ChipDemo */,
				234AEAD92773AC8000990EA5 /* ChipFramework */,
				234AEA9D2773A9D900990EA5 /* Products */,
				234AEAEE2773AF5B00990EA5 /* Frameworks */,
				18E84DEB0BD0B53F74ADF386 /* Pods */,
			);
			sourceTree = "<group>";
		};
		234AEA9D2773A9D900990EA5 /* Products */ = {
			isa = PBXGroup;
			children = (
				234AEA9C2773A9D900990EA5 /* Chip.app */,
				234AEAD82773AC8000990EA5 /* ChipFramework.framework */,
			);
			name = Products;
			sourceTree = "<group>";
		};
		234AEA9E2773A9D900990EA5 /* ChipDemo */ = {
			isa = PBXGroup;
			children = (
				2388CBFE2774FA7000F44D8D /* Handlers */,
				234AEA9F2773A9D900990EA5 /* AppDelegate.swift */,
				234AEAE92773AD9D00990EA5 /* StructuralDependencies */,
				234AEB1D2773B15200990EA5 /* DependenciesImplementation */,
				234AEAAA2773A9DA00990EA5 /* LaunchScreen.storyboard */,
				234AEAAD2773A9DA00990EA5 /* Info.plist */,
			);
			path = ChipDemo;
			sourceTree = "<group>";
		};
		234AEAD92773AC8000990EA5 /* ChipFramework */ = {
			isa = PBXGroup;
			children = (
				234AEB3E2773B7D500990EA5 /* ChipLauncher.swift */,
				2388CBEF2774E14500F44D8D /* Flow */,
				234AEB552773BA6B00990EA5 /* Business */,
				234AEB502773B98A00990EA5 /* Analytics */,
				234AEB4A2773B8FA00990EA5 /* Presentation */,
				234AEB422773B83900990EA5 /* Repository */,
				234AEADB2773AC8000990EA5 /* Info.plist */,
			);
			path = ChipFramework;
			sourceTree = "<group>";
		};
		234AEAE92773AD9D00990EA5 /* StructuralDependencies */ = {
			isa = PBXGroup;
			children = (
				234AEAEA2773ADC600990EA5 /* StructuralDependencyProvider.swift */,
			);
			path = StructuralDependencies;
			sourceTree = "<group>";
		};
		234AEAEE2773AF5B00990EA5 /* Frameworks */ = {
			isa = PBXGroup;
			children = (
				2302B9BA27970947001C1247 /* Core.framework */,
				2302B9B7279708F0001C1247 /* NetworkingInterfaces.framework */,
				2388CC0A2775063200F44D8D /* Profile.framework */,
				234AEB3B2773B75A00990EA5 /* Core.framework */,
				234AEB0E2773B0CD00990EA5 /* AppSecurityInterfaces.framework */,
				234AEB072773B0BF00990EA5 /* AppSecurity.framework */,
				234AEB022773B07500990EA5 /* Analytics.framework */,
				234AEAFA2773B05000990EA5 /* Networking.framework */,
				234AEAF22773B01200990EA5 /* AppSecurity.framework */,
				234AEAF42773B01200990EA5 /* AppSecurityInterfaces.framework */,
				234AEAEF2773AF5B00990EA5 /* NetworkingInterfaces.framework */,
				FA4035809C4D64DC84D51084 /* Pods_Chip.framework */,
			);
			name = Frameworks;
			sourceTree = "<group>";
		};
		234AEB1D2773B15200990EA5 /* DependenciesImplementation */ = {
			isa = PBXGroup;
			children = (
				234AEB1E2773B16500990EA5 /* NetworkingDependency.swift */,
			);
			path = DependenciesImplementation;
			sourceTree = "<group>";
		};
		234AEB422773B83900990EA5 /* Repository */ = {
			isa = PBXGroup;
			children = (
				234AEB432773B84700990EA5 /* ChipRepositoryProtocol.swift */,
				234AEB472773B85E00990EA5 /* ChipAPI.swift */,
			);
			path = Repository;
			sourceTree = "<group>";
		};
		234AEB4A2773B8FA00990EA5 /* Presentation */ = {
			isa = PBXGroup;
			children = (
				2317CF46277A368B006E8D1C /* Protocols */,
				234AEB542773B9E000990EA5 /* ViewController */,
				234AEB532773B9D900990EA5 /* ViewModel */,
			);
			path = Presentation;
			sourceTree = "<group>";
		};
		234AEB502773B98A00990EA5 /* Analytics */ = {
			isa = PBXGroup;
			children = (
				234AEB5D2773BFF600990EA5 /* ChipBusinessModel+Analytics.swift */,
			);
			path = Analytics;
			sourceTree = "<group>";
		};
		234AEB532773B9D900990EA5 /* ViewModel */ = {
			isa = PBXGroup;
			children = (
				234AEB612773C1B500990EA5 /* ChipViewModel.swift */,
			);
			path = ViewModel;
			sourceTree = "<group>";
		};
		234AEB542773B9E000990EA5 /* ViewController */ = {
			isa = PBXGroup;
			children = (
				234AEB642773C38700990EA5 /* ChipViewController.swift */,
			);
			path = ViewController;
			sourceTree = "<group>";
		};
		234AEB552773BA6B00990EA5 /* Business */ = {
			isa = PBXGroup;
			children = (
				234AEB562773BA7E00990EA5 /* ChipBusinessModel.swift */,
			);
			path = Business;
			sourceTree = "<group>";
		};
		2388CBEF2774E14500F44D8D /* Flow */ = {
			isa = PBXGroup;
			children = (
				2388CBF02774E14800F44D8D /* Factory */,
				2388CBF12774E15E00F44D8D /* ChipFlow.swift */,
			);
			path = Flow;
			sourceTree = "<group>";
		};
		2388CBF02774E14800F44D8D /* Factory */ = {
			isa = PBXGroup;
			children = (
				2388CBF52774E1F000F44D8D /* ChipViewControllerFactory.swift */,
			);
			path = Factory;
			sourceTree = "<group>";
		};
		2388CBFE2774FA7000F44D8D /* Handlers */ = {
			isa = PBXGroup;
			children = (
				234AEB382773B71B00990EA5 /* ChipHandler.swift */,
				2388CC072775061200F44D8D /* ProfileHandler.swift */,
			);
			path = Handlers;
			sourceTree = "<group>";
		};
/* End PBXGroup section */

/* Begin PBXHeadersBuildPhase section */
		234AEAD32773AC8000990EA5 /* Headers */ = {
			isa = PBXHeadersBuildPhase;
			buildActionMask = 2147483647;
			files = (
			);
			runOnlyForDeploymentPostprocessing = 0;
		};
/* End PBXHeadersBuildPhase section */

/* Begin PBXNativeTarget section */
		234AEA9B2773A9D900990EA5 /* Chip */ = {
			isa = PBXNativeTarget;
			buildConfigurationList = 234AEAB02773A9DA00990EA5 /* Build configuration list for PBXNativeTarget "Chip" */;
			buildPhases = (
				7F0BFE52FD208A3289F4095E /* [CP] Check Pods Manifest.lock */,
				234AEA982773A9D900990EA5 /* Sources */,
				234AEA992773A9D900990EA5 /* Frameworks */,
				234AEA9A2773A9D900990EA5 /* Resources */,
				234AEAE42773AC8000990EA5 /* Embed Frameworks */,
				E0E27B2AB478860D7E980273 /* [CP] Embed Pods Frameworks */,
			);
			buildRules = (
			);
			dependencies = (
				234AEADE2773AC8000990EA5 /* PBXTargetDependency */,
			);
			name = Chip;
			productName = Vaquinha;
			productReference = 234AEA9C2773A9D900990EA5 /* Chip.app */;
			productType = "com.apple.product-type.application";
		};
		234AEAD72773AC8000990EA5 /* ChipFramework */ = {
			isa = PBXNativeTarget;
			buildConfigurationList = 234AEAE12773AC8000990EA5 /* Build configuration list for PBXNativeTarget "ChipFramework" */;
			buildPhases = (
				234AEAD32773AC8000990EA5 /* Headers */,
				234AEAD42773AC8000990EA5 /* Sources */,
				234AEAD52773AC8000990EA5 /* Frameworks */,
				234AEAD62773AC8000990EA5 /* Resources */,
				23244649278F710700D7AC73 /* Embed Frameworks */,
			);
			buildRules = (
			);
			dependencies = (
			);
			name = ChipFramework;
			productName = VaquinhaFramework;
			productReference = 234AEAD82773AC8000990EA5 /* ChipFramework.framework */;
			productType = "com.apple.product-type.framework";
		};
/* End PBXNativeTarget section */

/* Begin PBXProject section */
		234AEA942773A9D900990EA5 /* Project object */ = {
			isa = PBXProject;
			attributes = {
				LastSwiftUpdateCheck = 1210;
				LastUpgradeCheck = 1210;
				TargetAttributes = {
					234AEA9B2773A9D900990EA5 = {
						CreatedOnToolsVersion = 12.1;
					};
					234AEAD72773AC8000990EA5 = {
						CreatedOnToolsVersion = 12.1;
						LastSwiftMigration = 1210;
					};
				};
			};
			buildConfigurationList = 234AEA972773A9D900990EA5 /* Build configuration list for PBXProject "Chip" */;
			compatibilityVersion = "Xcode 9.3";
			developmentRegion = en;
			hasScannedForEncodings = 0;
			knownRegions = (
				en,
				Base,
			);
			mainGroup = 234AEA932773A9D900990EA5;
			productRefGroup = 234AEA9D2773A9D900990EA5 /* Products */;
			projectDirPath = "";
			projectRoot = "";
			targets = (
				234AEA9B2773A9D900990EA5 /* Chip */,
				234AEAD72773AC8000990EA5 /* ChipFramework */,
			);
		};
/* End PBXProject section */

/* Begin PBXResourcesBuildPhase section */
		234AEA9A2773A9D900990EA5 /* Resources */ = {
			isa = PBXResourcesBuildPhase;
			buildActionMask = 2147483647;
			files = (
				234AEAAC2773A9DA00990EA5 /* LaunchScreen.storyboard in Resources */,
			);
			runOnlyForDeploymentPostprocessing = 0;
		};
		234AEAD62773AC8000990EA5 /* Resources */ = {
			isa = PBXResourcesBuildPhase;
			buildActionMask = 2147483647;
			files = (
			);
			runOnlyForDeploymentPostprocessing = 0;
		};
/* End PBXResourcesBuildPhase section */

/* Begin PBXShellScriptBuildPhase section */
		7F0BFE52FD208A3289F4095E /* [CP] Check Pods Manifest.lock */ = {
			isa = PBXShellScriptBuildPhase;
			buildActionMask = 2147483647;
			files = (
			);
			inputFileListPaths = (
			);
			inputPaths = (
				"${PODS_PODFILE_DIR_PATH}/Podfile.lock",
				"${PODS_ROOT}/Manifest.lock",
			);
			name = "[CP] Check Pods Manifest.lock";
			outputFileListPaths = (
			);
			outputPaths = (
				"$(DERIVED_FILE_DIR)/Pods-Chip-checkManifestLockResult.txt",
			);
			runOnlyForDeploymentPostprocessing = 0;
			shellPath = /bin/sh;
			shellScript = "diff \"${PODS_PODFILE_DIR_PATH}/Podfile.lock\" \"${PODS_ROOT}/Manifest.lock\" > /dev/null\nif [ $? != 0 ] ; then\n    # print error to STDERR\n    echo \"error: The sandbox is not in sync with the Podfile.lock. Run 'pod install' or update your CocoaPods installation.\" >&2\n    exit 1\nfi\n# This output is used by Xcode 'outputs' to avoid re-running this script phase.\necho \"SUCCESS\" > \"${SCRIPT_OUTPUT_FILE_0}\"\n";
			showEnvVarsInLog = 0;
		};
		E0E27B2AB478860D7E980273 /* [CP] Embed Pods Frameworks */ = {
			isa = PBXShellScriptBuildPhase;
			buildActionMask = 2147483647;
			files = (
			);
			inputFileListPaths = (
				"${PODS_ROOT}/Target Support Files/Pods-Chip/Pods-Chip-frameworks-${CONFIGURATION}-input-files.xcfilelist",
			);
			name = "[CP] Embed Pods Frameworks";
			outputFileListPaths = (
				"${PODS_ROOT}/Target Support Files/Pods-Chip/Pods-Chip-frameworks-${CONFIGURATION}-output-files.xcfilelist",
			);
			runOnlyForDeploymentPostprocessing = 0;
			shellPath = /bin/sh;
			shellScript = "\"${PODS_ROOT}/Target Support Files/Pods-Chip/Pods-Chip-frameworks.sh\"\n";
			showEnvVarsInLog = 0;
		};
/* End PBXShellScriptBuildPhase section */

/* Begin PBXSourcesBuildPhase section */
		234AEA982773A9D900990EA5 /* Sources */ = {
			isa = PBXSourcesBuildPhase;
			buildActionMask = 2147483647;
			files = (
				234AEAEB2773ADC600990EA5 /* StructuralDependencyProvider.swift in Sources */,
				234AEAA02773A9D900990EA5 /* AppDelegate.swift in Sources */,
				2388CC082775061200F44D8D /* ProfileHandler.swift in Sources */,
				234AEB392773B71B00990EA5 /* ChipHandler.swift in Sources */,
				234AEB1F2773B16500990EA5 /* NetworkingDependency.swift in Sources */,
			);
			runOnlyForDeploymentPostprocessing = 0;
		};
		234AEAD42773AC8000990EA5 /* Sources */ = {
			isa = PBXSourcesBuildPhase;
			buildActionMask = 2147483647;
			files = (
				234AEB482773B85E00990EA5 /* ChipAPI.swift in Sources */,
				234AEB442773B84700990EA5 /* ChipRepositoryProtocol.swift in Sources */,
				234AEB652773C38700990EA5 /* ChipViewController.swift in Sources */,
				234AEB4D2773B91500990EA5 /* ChipAnalyticsProtocol.swift in Sources */,
				234AEB622773C1B500990EA5 /* ChipViewModel.swift in Sources */,
				234AEB5E2773BFF600990EA5 /* ChipBusinessModel+Analytics.swift in Sources */,
				234AEB3F2773B7D500990EA5 /* ChipLauncher.swift in Sources */,
				2388CBF22774E15E00F44D8D /* ChipFlow.swift in Sources */,
				23D268AD2774A0FA009C6039 /* ChipFlowProtocol.swift in Sources */,
				234AEB5B2773BBB800990EA5 /* ChipBusinessModelProcotol.swift in Sources */,
				2388CBF62774E1F000F44D8D /* ChipViewControllerFactory.swift in Sources */,
				234AEB572773BA7E00990EA5 /* ChipBusinessModel.swift in Sources */,
			);
			runOnlyForDeploymentPostprocessing = 0;
		};
/* End PBXSourcesBuildPhase section */

/* Begin PBXTargetDependency section */
		234AEADE2773AC8000990EA5 /* PBXTargetDependency */ = {
			isa = PBXTargetDependency;
			target = 234AEAD72773AC8000990EA5 /* ChipFramework */;
			targetProxy = 234AEADD2773AC8000990EA5 /* PBXContainerItemProxy */;
		};
/* End PBXTargetDependency section */

/* Begin PBXVariantGroup section */
		234AEAAA2773A9DA00990EA5 /* LaunchScreen.storyboard */ = {
			isa = PBXVariantGroup;
			children = (
				234AEAAB2773A9DA00990EA5 /* Base */,
			);
			name = LaunchScreen.storyboard;
			sourceTree = "<group>";
		};
/* End PBXVariantGroup section */

/* Begin XCBuildConfiguration section */
		234AEAAE2773A9DA00990EA5 /* Debug */ = {
			isa = XCBuildConfiguration;
			buildSettings = {
				ALWAYS_SEARCH_USER_PATHS = NO;
				CLANG_ANALYZER_NONNULL = YES;
				CLANG_ANALYZER_NUMBER_OBJECT_CONVERSION = YES_AGGRESSIVE;
				CLANG_CXX_LANGUAGE_STANDARD = "gnu++14";
				CLANG_CXX_LIBRARY = "libc++";
				CLANG_ENABLE_MODULES = YES;
				CLANG_ENABLE_OBJC_ARC = YES;
				CLANG_ENABLE_OBJC_WEAK = YES;
				CLANG_WARN_BLOCK_CAPTURE_AUTORELEASING = YES;
				CLANG_WARN_BOOL_CONVERSION = YES;
				CLANG_WARN_COMMA = YES;
				CLANG_WARN_CONSTANT_CONVERSION = YES;
				CLANG_WARN_DEPRECATED_OBJC_IMPLEMENTATIONS = YES;
				CLANG_WARN_DIRECT_OBJC_ISA_USAGE = YES_ERROR;
				CLANG_WARN_DOCUMENTATION_COMMENTS = YES;
				CLANG_WARN_EMPTY_BODY = YES;
				CLANG_WARN_ENUM_CONVERSION = YES;
				CLANG_WARN_INFINITE_RECURSION = YES;
				CLANG_WARN_INT_CONVERSION = YES;
				CLANG_WARN_NON_LITERAL_NULL_CONVERSION = YES;
				CLANG_WARN_OBJC_IMPLICIT_RETAIN_SELF = YES;
				CLANG_WARN_OBJC_LITERAL_CONVERSION = YES;
				CLANG_WARN_OBJC_ROOT_CLASS = YES_ERROR;
				CLANG_WARN_QUOTED_INCLUDE_IN_FRAMEWORK_HEADER = YES;
				CLANG_WARN_RANGE_LOOP_ANALYSIS = YES;
				CLANG_WARN_STRICT_PROTOTYPES = YES;
				CLANG_WARN_SUSPICIOUS_MOVE = YES;
				CLANG_WARN_UNGUARDED_AVAILABILITY = YES_AGGRESSIVE;
				CLANG_WARN_UNREACHABLE_CODE = YES;
				CLANG_WARN__DUPLICATE_METHOD_MATCH = YES;
				COPY_PHASE_STRIP = NO;
				DEBUG_INFORMATION_FORMAT = dwarf;
				ENABLE_STRICT_OBJC_MSGSEND = YES;
				ENABLE_TESTABILITY = YES;
				GCC_C_LANGUAGE_STANDARD = gnu11;
				GCC_DYNAMIC_NO_PIC = NO;
				GCC_NO_COMMON_BLOCKS = YES;
				GCC_OPTIMIZATION_LEVEL = 0;
				GCC_PREPROCESSOR_DEFINITIONS = (
					"DEBUG=1",
					"$(inherited)",
				);
				GCC_WARN_64_TO_32_BIT_CONVERSION = YES;
				GCC_WARN_ABOUT_RETURN_TYPE = YES_ERROR;
				GCC_WARN_UNDECLARED_SELECTOR = YES;
				GCC_WARN_UNINITIALIZED_AUTOS = YES_AGGRESSIVE;
				GCC_WARN_UNUSED_FUNCTION = YES;
				GCC_WARN_UNUSED_VARIABLE = YES;
				IPHONEOS_DEPLOYMENT_TARGET = 14.1;
				MTL_ENABLE_DEBUG_INFO = INCLUDE_SOURCE;
				MTL_FAST_MATH = YES;
				ONLY_ACTIVE_ARCH = YES;
				SDKROOT = iphoneos;
				SWIFT_ACTIVE_COMPILATION_CONDITIONS = DEBUG;
				SWIFT_OPTIMIZATION_LEVEL = "-Onone";
			};
			name = Debug;
		};
		234AEAAF2773A9DA00990EA5 /* Release */ = {
			isa = XCBuildConfiguration;
			buildSettings = {
				ALWAYS_SEARCH_USER_PATHS = NO;
				CLANG_ANALYZER_NONNULL = YES;
				CLANG_ANALYZER_NUMBER_OBJECT_CONVERSION = YES_AGGRESSIVE;
				CLANG_CXX_LANGUAGE_STANDARD = "gnu++14";
				CLANG_CXX_LIBRARY = "libc++";
				CLANG_ENABLE_MODULES = YES;
				CLANG_ENABLE_OBJC_ARC = YES;
				CLANG_ENABLE_OBJC_WEAK = YES;
				CLANG_WARN_BLOCK_CAPTURE_AUTORELEASING = YES;
				CLANG_WARN_BOOL_CONVERSION = YES;
				CLANG_WARN_COMMA = YES;
				CLANG_WARN_CONSTANT_CONVERSION = YES;
				CLANG_WARN_DEPRECATED_OBJC_IMPLEMENTATIONS = YES;
				CLANG_WARN_DIRECT_OBJC_ISA_USAGE = YES_ERROR;
				CLANG_WARN_DOCUMENTATION_COMMENTS = YES;
				CLANG_WARN_EMPTY_BODY = YES;
				CLANG_WARN_ENUM_CONVERSION = YES;
				CLANG_WARN_INFINITE_RECURSION = YES;
				CLANG_WARN_INT_CONVERSION = YES;
				CLANG_WARN_NON_LITERAL_NULL_CONVERSION = YES;
				CLANG_WARN_OBJC_IMPLICIT_RETAIN_SELF = YES;
				CLANG_WARN_OBJC_LITERAL_CONVERSION = YES;
				CLANG_WARN_OBJC_ROOT_CLASS = YES_ERROR;
				CLANG_WARN_QUOTED_INCLUDE_IN_FRAMEWORK_HEADER = YES;
				CLANG_WARN_RANGE_LOOP_ANALYSIS = YES;
				CLANG_WARN_STRICT_PROTOTYPES = YES;
				CLANG_WARN_SUSPICIOUS_MOVE = YES;
				CLANG_WARN_UNGUARDED_AVAILABILITY = YES_AGGRESSIVE;
				CLANG_WARN_UNREACHABLE_CODE = YES;
				CLANG_WARN__DUPLICATE_METHOD_MATCH = YES;
				COPY_PHASE_STRIP = NO;
				DEBUG_INFORMATION_FORMAT = "dwarf-with-dsym";
				ENABLE_NS_ASSERTIONS = NO;
				ENABLE_STRICT_OBJC_MSGSEND = YES;
				GCC_C_LANGUAGE_STANDARD = gnu11;
				GCC_NO_COMMON_BLOCKS = YES;
				GCC_WARN_64_TO_32_BIT_CONVERSION = YES;
				GCC_WARN_ABOUT_RETURN_TYPE = YES_ERROR;
				GCC_WARN_UNDECLARED_SELECTOR = YES;
				GCC_WARN_UNINITIALIZED_AUTOS = YES_AGGRESSIVE;
				GCC_WARN_UNUSED_FUNCTION = YES;
				GCC_WARN_UNUSED_VARIABLE = YES;
				IPHONEOS_DEPLOYMENT_TARGET = 14.1;
				MTL_ENABLE_DEBUG_INFO = NO;
				MTL_FAST_MATH = YES;
				SDKROOT = iphoneos;
				SWIFT_COMPILATION_MODE = wholemodule;
				SWIFT_OPTIMIZATION_LEVEL = "-O";
				VALIDATE_PRODUCT = YES;
			};
			name = Release;
		};
		234AEAB12773A9DA00990EA5 /* Debug */ = {
			isa = XCBuildConfiguration;
			baseConfigurationReference = F5DDE49EB1CA9978BF021A31 /* Pods-Chip.debug.xcconfig */;
			buildSettings = {
				ALWAYS_EMBED_SWIFT_STANDARD_LIBRARIES = YES;
				ASSETCATALOG_COMPILER_GLOBAL_ACCENT_COLOR_NAME = AccentColor;
				CLANG_WARN_QUOTED_INCLUDE_IN_FRAMEWORK_HEADER = NO;
				CODE_SIGN_STYLE = Automatic;
				CURRENT_PROJECT_VERSION = 1;
				INFOPLIST_FILE = ChipDemo/Info.plist;
				LD_RUNPATH_SEARCH_PATHS = (
					"$(inherited)",
					"@executable_path/Frameworks",
				);
				MARKETING_VERSION = 1.0;
				PRODUCT_BUNDLE_IDENTIFIER = com.br.giovane.Chip;
				PRODUCT_NAME = "$(TARGET_NAME)";
				SWIFT_VERSION = 5.0;
				TARGETED_DEVICE_FAMILY = "1,2";
			};
			name = Debug;
		};
		234AEAB22773A9DA00990EA5 /* Release */ = {
			isa = XCBuildConfiguration;
			baseConfigurationReference = 14C4E6377BB83107717B0B53 /* Pods-Chip.release.xcconfig */;
			buildSettings = {
				ALWAYS_EMBED_SWIFT_STANDARD_LIBRARIES = YES;
				ASSETCATALOG_COMPILER_GLOBAL_ACCENT_COLOR_NAME = AccentColor;
				CLANG_WARN_QUOTED_INCLUDE_IN_FRAMEWORK_HEADER = NO;
				CODE_SIGN_STYLE = Automatic;
				CURRENT_PROJECT_VERSION = 1;
				INFOPLIST_FILE = ChipDemo/Info.plist;
				LD_RUNPATH_SEARCH_PATHS = (
					"$(inherited)",
					"@executable_path/Frameworks",
				);
				MARKETING_VERSION = 1.0;
				PRODUCT_BUNDLE_IDENTIFIER = com.br.giovane.Chip;
				PRODUCT_NAME = "$(TARGET_NAME)";
				SWIFT_VERSION = 5.0;
				TARGETED_DEVICE_FAMILY = "1,2";
			};
			name = Release;
		};
		234AEAE22773AC8000990EA5 /* Debug */ = {
			isa = XCBuildConfiguration;
			buildSettings = {
				CLANG_ENABLE_MODULES = YES;
				CODE_SIGN_STYLE = Automatic;
				CURRENT_PROJECT_VERSION = 1;
				DEFINES_MODULE = YES;
				DYLIB_COMPATIBILITY_VERSION = 1;
				DYLIB_CURRENT_VERSION = 1;
				DYLIB_INSTALL_NAME_BASE = "@rpath";
				INFOPLIST_FILE = ChipFramework/Info.plist;
				INSTALL_PATH = "$(LOCAL_LIBRARY_DIR)/Frameworks";
				LD_RUNPATH_SEARCH_PATHS = (
					"$(inherited)",
					"@executable_path/Frameworks",
					"@loader_path/Frameworks",
				);
				PRODUCT_BUNDLE_IDENTIFIER = com.br.giovane.ChipFramework;
				PRODUCT_NAME = "$(TARGET_NAME:c99extidentifier)";
				SKIP_INSTALL = YES;
				SWIFT_OPTIMIZATION_LEVEL = "-Onone";
				SWIFT_VERSION = 5.0;
				TARGETED_DEVICE_FAMILY = "1,2";
				VERSIONING_SYSTEM = "apple-generic";
				VERSION_INFO_PREFIX = "";
			};
			name = Debug;
		};
		234AEAE32773AC8000990EA5 /* Release */ = {
			isa = XCBuildConfiguration;
			buildSettings = {
				CLANG_ENABLE_MODULES = YES;
				CODE_SIGN_STYLE = Automatic;
				CURRENT_PROJECT_VERSION = 1;
				DEFINES_MODULE = YES;
				DYLIB_COMPATIBILITY_VERSION = 1;
				DYLIB_CURRENT_VERSION = 1;
				DYLIB_INSTALL_NAME_BASE = "@rpath";
				INFOPLIST_FILE = ChipFramework/Info.plist;
				INSTALL_PATH = "$(LOCAL_LIBRARY_DIR)/Frameworks";
				LD_RUNPATH_SEARCH_PATHS = (
					"$(inherited)",
					"@executable_path/Frameworks",
					"@loader_path/Frameworks",
				);
				PRODUCT_BUNDLE_IDENTIFIER = com.br.giovane.ChipFramework;
				PRODUCT_NAME = "$(TARGET_NAME:c99extidentifier)";
				SKIP_INSTALL = YES;
				SWIFT_VERSION = 5.0;
				TARGETED_DEVICE_FAMILY = "1,2";
				VERSIONING_SYSTEM = "apple-generic";
				VERSION_INFO_PREFIX = "";
			};
			name = Release;
		};
/* End XCBuildConfiguration section */

/* Begin XCConfigurationList section */
		234AEA972773A9D900990EA5 /* Build configuration list for PBXProject "Chip" */ = {
			isa = XCConfigurationList;
			buildConfigurations = (
				234AEAAE2773A9DA00990EA5 /* Debug */,
				234AEAAF2773A9DA00990EA5 /* Release */,
			);
			defaultConfigurationIsVisible = 0;
			defaultConfigurationName = Release;
		};
		234AEAB02773A9DA00990EA5 /* Build configuration list for PBXNativeTarget "Chip" */ = {
			isa = XCConfigurationList;
			buildConfigurations = (
				234AEAB12773A9DA00990EA5 /* Debug */,
				234AEAB22773A9DA00990EA5 /* Release */,
			);
			defaultConfigurationIsVisible = 0;
			defaultConfigurationName = Release;
		};
		234AEAE12773AC8000990EA5 /* Build configuration list for PBXNativeTarget "ChipFramework" */ = {
			isa = XCConfigurationList;
			buildConfigurations = (
				234AEAE22773AC8000990EA5 /* Debug */,
				234AEAE32773AC8000990EA5 /* Release */,
			);
			defaultConfigurationIsVisible = 0;
			defaultConfigurationName = Release;
		};
/* End XCConfigurationList section */
	};
	rootObject = 234AEA942773A9D900990EA5 /* Project object */;
}
